{
  "requires": true,
  "lockfileVersion": 1,
  "dependencies": {
    "@types/jquery": {
      "version": "3.5.4",
      "resolved": "https://r.cnpmjs.org/@types/jquery/download/@types/jquery-3.5.4.tgz",
      "integrity": "sha1-6SP30FynkFMPF/gKO4m8KIU/oX8=",
      "requires": {
        "@types/sizzle": "*"
      }
    },
    "@types/sizzle": {
      "version": "2.3.2",
      "resolved": "https://r.cnpmjs.org/@types/sizzle/download/@types/sizzle-2.3.2.tgz",
      "integrity": "sha1-qBG4wY4rq6t9VCszZYh64uTZ3kc="
    }
  }
}
